{
  "requires": true,
  "lockfileVersion": 1,
  "dependencies": {
    "ngx-notification": {
      "version": "1.0.5",
      "resolved": "https://registry.npmjs.org/ngx-notification/-/ngx-notification-1.0.5.tgz",
      "integrity": "sha512-5p5G9L1GkBPT0QTyEfx6FYzz4kFZU0RQjuzpw0aN61Xsp+StDIs7vyknnrMKj0DbV9f7DwxcI1CA8Dm5KXizhg==",
      "requires": {
        "tslib": "^1.9.0"
      }
    },
    "tslib": {
      "version": "1.14.1",
      "resolved": "https://registry.npmjs.org/tslib/-/tslib-1.14.1.tgz",
      "integrity": "sha512-Xni35NKzjgMrwevysHTCArtLDpPvye8zV/0E4EyYn43P7/7qvQwPh9BGkHewbMulVntbigmcT7rdX3BNo9wRJg=="
    }
  }
}
